
Microsoft Visual Studio Solution File, Format Version 12.00
# Visual Studio 15
VisualStudioVersion = 15.0.27703.2000
MinimumVisualStudioVersion = 10.0.40219.1
Project("{FAE04EC0-301F-11D3-BF4B-00C04F79EFBC}") = "stac2018_2", "stac2018_2\stac2018_2.csproj", "{F9D1F9F2-F7F7-4B0B-A415-A42CBEF9CE0C}"
EndProject
Global
	GlobalSection(SolutionConfigurationPlatforms) = preSolution
		Debug|Any CPU = Debug|Any CPU
		Release|Any CPU = Release|Any CPU
	EndGlobalSection
	GlobalSection(ProjectConfigurationPlatforms) = postSolution
		{F9D1F9F2-F7F7-4B0B-A415-A42CBEF9CE0C}.Debug|Any CPU.ActiveCfg = Debug|Any CPU
		{F9D1F9F2-F7F7-4B0B-A415-A42CBEF9CE0C}.Debug|Any CPU.Build.0 = Debug|Any CPU
		{F9D1F9F2-F7F7-4B0B-A415-A42CBEF9CE0C}.Debug|Any CPU.Deploy.0 = Debug|Any CPU
		{F9D1F9F2-F7F7-4B0B-A415-A42CBEF9CE0C}.Release|Any CPU.ActiveCfg = Release|Any CPU
		{F9D1F9F2-F7F7-4B0B-A415-A42CBEF9CE0C}.Release|Any CPU.Build.0 = Release|Any CPU
		{F9D1F9F2-F7F7-4B0B-A415-A42CBEF9CE0C}.Release|Any CPU.Deploy.0 = Release|Any CPU
	EndGlobalSection
	GlobalSection(SolutionProperties) = preSolution
		HideSolutionNode = FALSE
	EndGlobalSection
	GlobalSection(ExtensibilityGlobals) = postSolution
		SolutionGuid = {2DD76C4C-D3C5-416D-853B-55BC977C7130}
	EndGlobalSection
EndGlobal
